{
  "nodes": {
    "crane": {
      "locked": {
        "lastModified": 1766774972,
        "narHash": "sha256-8qxEFpj4dVmIuPn9j9z6NTbU+hrcGjBOvaxTzre5HmM=",
        "owner": "ipetkov",
        "repo": "crane",
        "rev": "01bc1d404a51a0a07e9d8759cd50a7903e218c82",
        "type": "github"
      },
      "original": {
        "owner": "ipetkov",
        "repo": "crane",
        "type": "github"
      }
    },
    "nixpkgs": {
      "locked": {
        "lastModified": 1766651565,
        "narHash": "sha256-QEhk0eXgyIqTpJ/ehZKg9IKS7EtlWxF3N7DXy42zPfU=",
        "owner": "NixOS",
        "repo": "nixpkgs",
        "rev": "3e2499d5539c16d0d173ba53552a4ff8547f4539",
        "type": "github"
      },
      "original": {
        "owner": "NixOS",
        "ref": "nixos-unstable",
        "repo": "nixpkgs",
        "type": "github"
      }
    },
    "root": {
      "inputs": {
        "crane": "crane",
        "nixpkgs": "nixpkgs"
      }
    }
  },
  "root": "root",
  "version": 7
}
